{
  "nodes": {
    "argpp": {
      "inputs": {
        "flake-utils": [
          "flake-utils"
        ],
        "nixpkgs": [
          "nixpkgs"
        ],
        "tinycmmc": [
          "tinycmmc"
        ]
      },
      "locked": {
        "lastModified": 1653992550,
        "narHash": "sha256-wL6ugKehVsVsb2t4RB0d1FZO+F06gN6jYiokld+9mYI=",
        "type": "git",
        "url": "file:///home/ingo/projects/argpp/trunk"
      },
      "original": {
        "owner": "grumbel",
        "ref": "stable",
        "repo": "argpp",
        "type": "github"
      }
    },
    "flake-utils": {
      "locked": {
        "lastModified": 1653893745,
        "narHash": "sha256-0jntwV3Z8//YwuOjzhV2sgJJPt+HY6KhU7VZUL0fKZQ=",
        "owner": "numtide",
        "repo": "flake-utils",
        "rev": "1ed9fb1935d260de5fe1c2f7ee0ebaae17ed2fa1",
        "type": "github"
      },
      "original": {
        "owner": "numtide",
        "repo": "flake-utils",
        "type": "github"
      }
    },
    "logmich": {
      "inputs": {
        "flake-utils": [
          "flake-utils"
        ],
        "nixpkgs": [
          "nixpkgs"
        ],
        "tinycmmc": [
          "tinycmmc"
        ]
      },
      "locked": {
        "lastModified": 1653991001,
        "narHash": "sha256-JWlI7nJykeXPkeq4zdUOvcScMnp386UW3tyRQgkxMtk=",
        "ref": "refs/heads/master",
        "rev": "866b33191bc9378191519b0342ebb1da66142ac2",
        "revCount": 42,
        "type": "git",
        "url": "file:///home/ingo/projects/logmich/trunk"
      },
      "original": {
        "owner": "logmich",
        "repo": "logmich",
        "type": "github"
      }
    },
    "nixpkgs": {
      "locked": {
        "lastModified": 1653920503,
        "narHash": "sha256-BBeCZwZImtjP3oYy4WogkQYy5OxNyfNciVSc1AfZgLQ=",
        "owner": "NixOS",
        "repo": "nixpkgs",
        "rev": "a634c8f6c1fbf9b9730e01764999666f3436f10a",
        "type": "github"
      },
      "original": {
        "owner": "NixOS",
        "ref": "nixos-22.05",
        "repo": "nixpkgs",
        "type": "github"
      }
    },
    "root": {
      "inputs": {
        "argpp": "argpp",
        "flake-utils": "flake-utils",
        "logmich": "logmich",
        "nixpkgs": "nixpkgs",
        "strutcpp": "strutcpp",
        "tinycmmc": "tinycmmc",
        "uinpp": "uinpp"
      }
    },
    "strutcpp": {
      "inputs": {
        "flake-utils": [
          "flake-utils"
        ],
        "nixpkgs": [
          "nixpkgs"
        ],
        "tinycmmc": [
          "tinycmmc"
        ]
      },
      "locked": {
        "lastModified": 1653990684,
        "narHash": "sha256-iVYq0bK9oFb5msI4RmXB8+p21NhVGBDeJYBkMrLYI1c=",
        "type": "git",
        "url": "file:///home/ingo/projects/strutcpp/trunk"
      },
      "original": {
        "owner": "grumbel",
        "repo": "strutcpp",
        "type": "github"
      }
    },
    "tinycmmc": {
      "inputs": {
        "flake-utils": [
          "flake-utils"
        ],
        "nixpkgs": [
          "nixpkgs"
        ]
      },
      "locked": {
        "lastModified": 1654000716,
        "narHash": "sha256-aCfXSXWVki7moiSR/oFaZRnRdO/5jhZbJ39jEI8fi5I=",
        "ref": "refs/heads/master",
        "rev": "22c77404937829f4b2da539c6c2e0e99545440e8",
        "revCount": 35,
        "type": "git",
        "url": "file:///home/ingo/projects/tinycmmc/trunk"
      },
      "original": {
        "owner": "grumbel",
        "repo": "tinycmmc",
        "type": "github"
      }
    },
    "uinpp": {
      "inputs": {
        "flake-utils": [
          "flake-utils"
        ],
        "logmich": [
          "logmich"
        ],
        "nixpkgs": [
          "nixpkgs"
        ],
        "strutcpp": [
          "strutcpp"
        ],
        "tinycmmc": [
          "tinycmmc"
        ]
      },
      "locked": {
        "lastModified": 1654004597,
        "narHash": "sha256-ZZUfobIaItZIiFVi7Xmc0P59sm7YaQVDsDEXpcHQLMo=",
        "ref": "refs/heads/master",
        "rev": "b2ea882bae64d50bd19de9a6850ebc051ed6f2b7",
        "revCount": 54,
        "type": "git",
        "url": "file:///home/ingo/projects/uinpp/trunk/"
      },
      "original": {
        "type": "git",
        "url": "file:///home/ingo/projects/uinpp/trunk/"
      }
    }
  },
  "root": "root",
  "version": 7
}
